
Microsoft Visual Studio Solution File, Format Version 12.00
# Visual Studio Version 16
VisualStudioVersion = 16.0.30907.101
MinimumVisualStudioVersion = 10.0.40219.1
Project("{FAE04EC0-301F-11D3-BF4B-00C04F79EFBC}") = "CultivatingInclusionAPI", "CultivatingInclusionAPI\CultivatingInclusionAPI.csproj", "{1664C419-9EFE-4152-87F5-0298B309B0AF}"
EndProject
Global
	GlobalSection(SolutionConfigurationPlatforms) = preSolution
		Debug|Any CPU = Debug|Any CPU
		Release|Any CPU = Release|Any CPU
	EndGlobalSection
	GlobalSection(ProjectConfigurationPlatforms) = postSolution
		{1664C419-9EFE-4152-87F5-0298B309B0AF}.Debug|Any CPU.ActiveCfg = Debug|Any CPU
		{1664C419-9EFE-4152-87F5-0298B309B0AF}.Debug|Any CPU.Build.0 = Debug|Any CPU
		{1664C419-9EFE-4152-87F5-0298B309B0AF}.Release|Any CPU.ActiveCfg = Release|Any CPU
		{1664C419-9EFE-4152-87F5-0298B309B0AF}.Release|Any CPU.Build.0 = Release|Any CPU
	EndGlobalSection
	GlobalSection(SolutionProperties) = preSolution
		HideSolutionNode = FALSE
	EndGlobalSection
	GlobalSection(ExtensibilityGlobals) = postSolution
		SolutionGuid = {7E56EB43-BA11-48EF-9EF2-ED4037D129C5}
	EndGlobalSection
EndGlobal
